{
  "object": {
    "pins": [
      {
        "package": "BetterSafariView",
        "repositoryURL": "https://github.com/stleamist/BetterSafariView.git",
        "state": {
          "branch": null,
          "revision": "a4a8590a24f088ddb077815f49b62c71342c5869",
          "version": "2.2.2"
        }
      },
      {
        "package": "Sentry",
        "repositoryURL": "https://github.com/getsentry/sentry-cocoa",
        "state": {
          "branch": null,
          "revision": "5a3d1a3708aefa0648e05fc3126f52d9a8524021",
          "version": "6.0.9"
        }
      }
    ]
  },
  "version": 1
}
