// !$*UTF8*$!
{
	archiveVersion = 1;
	classes = {
	};
	objectVersion = 52;
	objects = {

/* Begin PBXBuildFile section */
		9F074F302551383B00894ED9 /* NotificationManager.swift in Sources */ = {isa = PBXBuildFile; fileRef = 9F074F2F2551383B00894ED9 /* NotificationManager.swift */; };
		9F0A91AE25A1FBD800A11037 /* WarningText.swift in Sources */ = {isa = PBXBuildFile; fileRef = 9F0A91AD25A1FBD800A11037 /* WarningText.swift */; };
		9F2011E0253B545400B47701 /* ActiveDrugListItem.swift in Sources */ = {isa = PBXBuildFile; fileRef = 9F2011DF253B545400B47701 /* ActiveDrugListItem.swift */; };
		9F2011E3253B720D00B47701 /* IconImage.swift in Sources */ = {isa = PBXBuildFile; fileRef = 9F2011E2253B720D00B47701 /* IconImage.swift */; };
		9F2011E6253B733B00B47701 /* Icon.swift in Sources */ = {isa = PBXBuildFile; fileRef = 9F2011E5253B733B00B47701 /* Icon.swift */; };
		9F26200825602DFA004202F6 /* UserDefault.swift in Sources */ = {isa = PBXBuildFile; fileRef = 9F26200725602DFA004202F6 /* UserDefault.swift */; };
		9F26200F25602E58004202F6 /* Settings.swift in Sources */ = {isa = PBXBuildFile; fileRef = 9F26200E25602E58004202F6 /* Settings.swift */; };
		9F29CBAA2574069900DBCEB6 /* DurationComponent.swift in Sources */ = {isa = PBXBuildFile; fileRef = 9F29CBA92574069900DBCEB6 /* DurationComponent.swift */; };
		9F29CBAD2574073100DBCEB6 /* DurationType.swift in Sources */ = {isa = PBXBuildFile; fileRef = 9F29CBAC2574073100DBCEB6 /* DurationType.swift */; };
		9F3E3E952587FC4000C06480 /* MailView.swift in Sources */ = {isa = PBXBuildFile; fileRef = 9F3E3E942587FC4000C06480 /* MailView.swift */; };
		9F4D1375255DA13D0098B5D0 /* ActiveDrugs.swift in Sources */ = {isa = PBXBuildFile; fileRef = 9F4D1374255DA13D0098B5D0 /* ActiveDrugs.swift */; };
		9F4F13FF2560188E001D9ABD /* InteractionGroupBox.swift in Sources */ = {isa = PBXBuildFile; fileRef = 9F4F13FE2560188E001D9ABD /* InteractionGroupBox.swift */; };
		9F4F140325601E0C001D9ABD /* InteractionList.swift in Sources */ = {isa = PBXBuildFile; fileRef = 9F4F140225601E0C001D9ABD /* InteractionList.swift */; };
		9F4F140625601E63001D9ABD /* InteractionListItem.swift in Sources */ = {isa = PBXBuildFile; fileRef = 9F4F140525601E63001D9ABD /* InteractionListItem.swift */; };
		9F5372B8253AEA6B0043375D /* ActiveDrug.swift in Sources */ = {isa = PBXBuildFile; fileRef = 9F5372B7253AEA6B0043375D /* ActiveDrug.swift */; };
		9F5372BC253AF30A0043375D /* SampleData.swift in Sources */ = {isa = PBXBuildFile; fileRef = 9F5372BB253AF30A0043375D /* SampleData.swift */; };
		9F5C67BC2538CE0E0025FE15 /* UnitMassExtension.swift in Sources */ = {isa = PBXBuildFile; fileRef = 9F5C67BB2538CE0E0025FE15 /* UnitMassExtension.swift */; };
		9F6A0B282531006600872936 /* SettingsView.swift in Sources */ = {isa = PBXBuildFile; fileRef = 9F6A0B272531006600872936 /* SettingsView.swift */; };
		9F73F6D1253C3F6A00B93569 /* AdministrationRoute.swift in Sources */ = {isa = PBXBuildFile; fileRef = 9F73F6D0253C3F6A00B93569 /* AdministrationRoute.swift */; };
		9F73F6D4253CBB1500B93569 /* ActiveDrugList.swift in Sources */ = {isa = PBXBuildFile; fileRef = 9F73F6D3253CBB1500B93569 /* ActiveDrugList.swift */; };
		9F73F6D7253CC1A600B93569 /* ActiveDrugView.swift in Sources */ = {isa = PBXBuildFile; fileRef = 9F73F6D6253CC1A600B93569 /* ActiveDrugView.swift */; };
		9F7B4FE325755754002D7969 /* Timeline.swift in Sources */ = {isa = PBXBuildFile; fileRef = 9F7B4FE225755754002D7969 /* Timeline.swift */; };
		9F843AFB25631D2800D1B3E1 /* Sentry in Frameworks */ = {isa = PBXBuildFile; productRef = 9F843AFA25631D2800D1B3E1 /* Sentry */; };
		9F84D9AF2507809D006C1B77 /* SetupPageView.swift in Sources */ = {isa = PBXBuildFile; fileRef = 9F84D9AE2507809D006C1B77 /* SetupPageView.swift */; };
		9F84D9B625079153006C1B77 /* InfoPlist.strings in Resources */ = {isa = PBXBuildFile; fileRef = 9F84D9B825079153006C1B77 /* InfoPlist.strings */; };
		9F91C19B25813426007B9605 /* TimeInterval.swift in Sources */ = {isa = PBXBuildFile; fileRef = 9F91C19A25813426007B9605 /* TimeInterval.swift */; };
		9F91C19E258137EF007B9605 /* DateInterval.swift in Sources */ = {isa = PBXBuildFile; fileRef = 9F91C19D258137EF007B9605 /* DateInterval.swift */; };
		9F9C08C1258A7F14003C26CB /* Bioavailability.swift in Sources */ = {isa = PBXBuildFile; fileRef = 9F9C08C0258A7F14003C26CB /* Bioavailability.swift */; };
		9F9E6BDA252DF3050091ABAF /* BetterSafariView in Frameworks */ = {isa = PBXBuildFile; productRef = 9F9E6BD9252DF3050091ABAF /* BetterSafariView */; };
		9F9E6BDE252DFB9D0091ABAF /* TakeDrugView.swift in Sources */ = {isa = PBXBuildFile; fileRef = 9F9E6BDD252DFB9D0091ABAF /* TakeDrugView.swift */; };
		9FA282EE2541C835005021FC /* DrugInteraction.swift in Sources */ = {isa = PBXBuildFile; fileRef = 9FA282ED2541C835005021FC /* DrugInteraction.swift */; };
		9FA282F12541C899005021FC /* DrugInteractionSeverity.swift in Sources */ = {isa = PBXBuildFile; fileRef = 9FA282F02541C899005021FC /* DrugInteractionSeverity.swift */; };
		9FA381D2250629840053C3F4 /* TakeSafeApp.swift in Sources */ = {isa = PBXBuildFile; fileRef = 9FA381D1250629840053C3F4 /* TakeSafeApp.swift */; };
		9FA381D4250629840053C3F4 /* ContentView.swift in Sources */ = {isa = PBXBuildFile; fileRef = 9FA381D3250629840053C3F4 /* ContentView.swift */; };
		9FA381D6250629850053C3F4 /* Assets.xcassets in Resources */ = {isa = PBXBuildFile; fileRef = 9FA381D5250629850053C3F4 /* Assets.xcassets */; };
		9FA381D9250629850053C3F4 /* Preview Assets.xcassets in Resources */ = {isa = PBXBuildFile; fileRef = 9FA381D8250629850053C3F4 /* Preview Assets.xcassets */; };
		9FA381E225062BAF0053C3F4 /* Launch Screen.storyboard in Resources */ = {isa = PBXBuildFile; fileRef = 9FA381E125062BAF0053C3F4 /* Launch Screen.storyboard */; };
		9FA381E525062CB50053C3F4 /* OnboardingView.swift in Sources */ = {isa = PBXBuildFile; fileRef = 9FA381E425062CB50053C3F4 /* OnboardingView.swift */; };
		9FA381E725062CC70053C3F4 /* IntroPage.swift in Sources */ = {isa = PBXBuildFile; fileRef = 9FA381E625062CC70053C3F4 /* IntroPage.swift */; };
		9FA381ED25064E0B0053C3F4 /* PageViewController.swift in Sources */ = {isa = PBXBuildFile; fileRef = 9FA381EC25064E0B0053C3F4 /* PageViewController.swift */; };
		9FAA2F5B256AC8A7006F0479 /* DrugInfo.swift in Sources */ = {isa = PBXBuildFile; fileRef = 9FAA2F5A256AC8A7006F0479 /* DrugInfo.swift */; };
		9FAA2F5E256AD94B006F0479 /* Legality.swift in Sources */ = {isa = PBXBuildFile; fileRef = 9FAA2F5D256AD94B006F0479 /* Legality.swift */; };
		9FAA2F61256AE03A006F0479 /* Jurisdiction.swift in Sources */ = {isa = PBXBuildFile; fileRef = 9FAA2F60256AE03A006F0479 /* Jurisdiction.swift */; };
		9FAD9D37253DE8E8007E016F /* HealthManager.swift in Sources */ = {isa = PBXBuildFile; fileRef = 9FAD9D36253DE8E8007E016F /* HealthManager.swift */; };
		9FB630EC2535A87900397152 /* EmptyState.swift in Sources */ = {isa = PBXBuildFile; fileRef = 9FB630EB2535A87900397152 /* EmptyState.swift */; };
		9FB630F02535E86600397152 /* DrugListItem.swift in Sources */ = {isa = PBXBuildFile; fileRef = 9FB630EF2535E86600397152 /* DrugListItem.swift */; };
		9FB75788253845CB002EBB0E /* DateComponentsExtension.swift in Sources */ = {isa = PBXBuildFile; fileRef = 9FB75787253845CB002EBB0E /* DateComponentsExtension.swift */; };
		9FC04666250655EF000B2AAC /* PageControl.swift in Sources */ = {isa = PBXBuildFile; fileRef = 9FC04665250655EF000B2AAC /* PageControl.swift */; };
		9FC0466F250664EF000B2AAC /* Localizable.strings in Resources */ = {isa = PBXBuildFile; fileRef = 9FC04671250664EF000B2AAC /* Localizable.strings */; };
		9FC5B42D2508D06700DDF30A /* SetupPageViewController.swift in Sources */ = {isa = PBXBuildFile; fileRef = 9FC5B42C2508D06700DDF30A /* SetupPageViewController.swift */; };
		9FC632F625374F6A00DA145B /* DrugList.swift in Sources */ = {isa = PBXBuildFile; fileRef = 9FC632F525374F6A00DA145B /* DrugList.swift */; };
		9FC632F925374F9300DA145B /* DrugsView.swift in Sources */ = {isa = PBXBuildFile; fileRef = 9FC632F825374F9300DA145B /* DrugsView.swift */; };
		9FC633072537918000DA145B /* LD50.swift in Sources */ = {isa = PBXBuildFile; fileRef = 9FC633062537918000DA145B /* LD50.swift */; };
		9FC6330B2537954200DA145B /* StringExtension.swift in Sources */ = {isa = PBXBuildFile; fileRef = 9FC6330A2537954200DA145B /* StringExtension.swift */; };
		9FC76C5A2531F47800603314 /* ActivityView.swift in Sources */ = {isa = PBXBuildFile; fileRef = 9FC76C592531F47800603314 /* ActivityView.swift */; };
		9FD29B312534725700F90F04 /* AboutView.swift in Sources */ = {isa = PBXBuildFile; fileRef = 9FD29B302534725700F90F04 /* AboutView.swift */; };
		9FD46F1D252CC19900FB5754 /* DrugView.swift in Sources */ = {isa = PBXBuildFile; fileRef = 9FD46F1C252CC19900FB5754 /* DrugView.swift */; };
		9FD46F21252CC1C700FB5754 /* Drug.swift in Sources */ = {isa = PBXBuildFile; fileRef = 9FD46F20252CC1C700FB5754 /* Drug.swift */; };
		9FD46F25252CD7D200FB5754 /* DrugClass.swift in Sources */ = {isa = PBXBuildFile; fileRef = 9FD46F24252CD7D200FB5754 /* DrugClass.swift */; };
		9FD46F28252CDA5700FB5754 /* Dependence.swift in Sources */ = {isa = PBXBuildFile; fileRef = 9FD46F27252CDA5700FB5754 /* Dependence.swift */; };
		9FD46F2B252CDB1000FB5754 /* Addiction.swift in Sources */ = {isa = PBXBuildFile; fileRef = 9FD46F2A252CDB1000FB5754 /* Addiction.swift */; };
		9FDBD90425588DD5002F4A37 /* DrugPhase.swift in Sources */ = {isa = PBXBuildFile; fileRef = 9FDBD90325588DD5002F4A37 /* DrugPhase.swift */; };
		9FE23821255DDC790055A1C1 /* LicenseList.swift in Sources */ = {isa = PBXBuildFile; fileRef = 9FE23820255DDC790055A1C1 /* LicenseList.swift */; };
		9FE23828255DDD330055A1C1 /* Package.swift in Sources */ = {isa = PBXBuildFile; fileRef = 9FE23827255DDD330055A1C1 /* Package.swift */; };
		9FE23830255DDDE60055A1C1 /* Meta.swift in Sources */ = {isa = PBXBuildFile; fileRef = 9FE2382F255DDDE60055A1C1 /* Meta.swift */; };
		9FE23839255DE06D0055A1C1 /* LicenseView.swift in Sources */ = {isa = PBXBuildFile; fileRef = 9FE23838255DE06D0055A1C1 /* LicenseView.swift */; };
		9FE2383C255DE0DE0055A1C1 /* License.swift in Sources */ = {isa = PBXBuildFile; fileRef = 9FE2383B255DE0DE0055A1C1 /* License.swift */; };
		9FE2383F255DE61F0055A1C1 /* LicenseListItem.swift in Sources */ = {isa = PBXBuildFile; fileRef = 9FE2383E255DE61F0055A1C1 /* LicenseListItem.swift */; };
		9FF2481725703E980072650F /* InfoSheet.swift in Sources */ = {isa = PBXBuildFile; fileRef = 9FF2481625703E980072650F /* InfoSheet.swift */; };
		9FF4A6F82582BBFE004F4FC7 /* PhaseView.swift in Sources */ = {isa = PBXBuildFile; fileRef = 9FF4A6F72582BBFE004F4FC7 /* PhaseView.swift */; };
		9FF4B3542539F9BD0040720A /* API.swift in Sources */ = {isa = PBXBuildFile; fileRef = 9FF4B3532539F9BD0040720A /* API.swift */; };
		9FF4B357253A23650040720A /* DrugManager.swift in Sources */ = {isa = PBXBuildFile; fileRef = 9FF4B356253A23650040720A /* DrugManager.swift */; };
		9FFCB7632561940B00716769 /* WarningListItem.swift in Sources */ = {isa = PBXBuildFile; fileRef = 9FFCB7622561940B00716769 /* WarningListItem.swift */; };
		9FFD215725069AF5002F01B9 /* ContainedButton.swift in Sources */ = {isa = PBXBuildFile; fileRef = 9FFD215625069AF5002F01B9 /* ContainedButton.swift */; };
		9FFD215E2506CB34002F01B9 /* HealthKit.framework in Frameworks */ = {isa = PBXBuildFile; fileRef = 9FFD215D2506CB34002F01B9 /* HealthKit.framework */; };
		9FFD21662506D327002F01B9 /* IntroPageView.swift in Sources */ = {isa = PBXBuildFile; fileRef = 9FFD21652506D327002F01B9 /* IntroPageView.swift */; };
		9FFD21682506DA3F002F01B9 /* AppDelegate.swift in Sources */ = {isa = PBXBuildFile; fileRef = 9FFD21672506DA3F002F01B9 /* AppDelegate.swift */; };
		9FFD21712506E577002F01B9 /* OnboardingState.swift in Sources */ = {isa = PBXBuildFile; fileRef = 9FFD21702506E577002F01B9 /* OnboardingState.swift */; };
/* End PBXBuildFile section */

/* Begin PBXFileReference section */
		9F074F2F2551383B00894ED9 /* NotificationManager.swift */ = {isa = PBXFileReference; lastKnownFileType = sourcecode.swift; path = NotificationManager.swift; sourceTree = "<group>"; };
		9F0A91AD25A1FBD800A11037 /* WarningText.swift */ = {isa = PBXFileReference; lastKnownFileType = sourcecode.swift; path = WarningText.swift; sourceTree = "<group>"; };
		9F2011DF253B545400B47701 /* ActiveDrugListItem.swift */ = {isa = PBXFileReference; lastKnownFileType = sourcecode.swift; path = ActiveDrugListItem.swift; sourceTree = "<group>"; };
		9F2011E2253B720D00B47701 /* IconImage.swift */ = {isa = PBXFileReference; lastKnownFileType = sourcecode.swift; path = IconImage.swift; sourceTree = "<group>"; };
		9F2011E5253B733B00B47701 /* Icon.swift */ = {isa = PBXFileReference; lastKnownFileType = sourcecode.swift; path = Icon.swift; sourceTree = "<group>"; };
		9F26200725602DFA004202F6 /* UserDefault.swift */ = {isa = PBXFileReference; lastKnownFileType = sourcecode.swift; path = UserDefault.swift; sourceTree = "<group>"; };
		9F26200E25602E58004202F6 /* Settings.swift */ = {isa = PBXFileReference; lastKnownFileType = sourcecode.swift; path = Settings.swift; sourceTree = "<group>"; };
		9F29CBA92574069900DBCEB6 /* DurationComponent.swift */ = {isa = PBXFileReference; lastKnownFileType = sourcecode.swift; path = DurationComponent.swift; sourceTree = "<group>"; };
		9F29CBAC2574073100DBCEB6 /* DurationType.swift */ = {isa = PBXFileReference; lastKnownFileType = sourcecode.swift; path = DurationType.swift; sourceTree = "<group>"; };
		9F3E3E942587FC4000C06480 /* MailView.swift */ = {isa = PBXFileReference; lastKnownFileType = sourcecode.swift; path = MailView.swift; sourceTree = "<group>"; };
		9F4D1374255DA13D0098B5D0 /* ActiveDrugs.swift */ = {isa = PBXFileReference; lastKnownFileType = sourcecode.swift; path = ActiveDrugs.swift; sourceTree = "<group>"; };
		9F4F13FE2560188E001D9ABD /* InteractionGroupBox.swift */ = {isa = PBXFileReference; lastKnownFileType = sourcecode.swift; path = InteractionGroupBox.swift; sourceTree = "<group>"; };
		9F4F140225601E0C001D9ABD /* InteractionList.swift */ = {isa = PBXFileReference; lastKnownFileType = sourcecode.swift; path = InteractionList.swift; sourceTree = "<group>"; };
		9F4F140525601E63001D9ABD /* InteractionListItem.swift */ = {isa = PBXFileReference; lastKnownFileType = sourcecode.swift; path = InteractionListItem.swift; sourceTree = "<group>"; };
		9F5372B7253AEA6B0043375D /* ActiveDrug.swift */ = {isa = PBXFileReference; lastKnownFileType = sourcecode.swift; path = ActiveDrug.swift; sourceTree = "<group>"; };
		9F5372BB253AF30A0043375D /* SampleData.swift */ = {isa = PBXFileReference; lastKnownFileType = sourcecode.swift; path = SampleData.swift; sourceTree = "<group>"; };
		9F5C67BB2538CE0E0025FE15 /* UnitMassExtension.swift */ = {isa = PBXFileReference; lastKnownFileType = sourcecode.swift; path = UnitMassExtension.swift; sourceTree = "<group>"; };
		9F6A0B272531006600872936 /* SettingsView.swift */ = {isa = PBXFileReference; lastKnownFileType = sourcecode.swift; path = SettingsView.swift; sourceTree = "<group>"; };
		9F73F6D0253C3F6A00B93569 /* AdministrationRoute.swift */ = {isa = PBXFileReference; lastKnownFileType = sourcecode.swift; path = AdministrationRoute.swift; sourceTree = "<group>"; };
		9F73F6D3253CBB1500B93569 /* ActiveDrugList.swift */ = {isa = PBXFileReference; lastKnownFileType = sourcecode.swift; path = ActiveDrugList.swift; sourceTree = "<group>"; };
		9F73F6D6253CC1A600B93569 /* ActiveDrugView.swift */ = {isa = PBXFileReference; lastKnownFileType = sourcecode.swift; path = ActiveDrugView.swift; sourceTree = "<group>"; };
		9F7B4FE225755754002D7969 /* Timeline.swift */ = {isa = PBXFileReference; lastKnownFileType = sourcecode.swift; path = Timeline.swift; sourceTree = "<group>"; };
		9F84D9AE2507809D006C1B77 /* SetupPageView.swift */ = {isa = PBXFileReference; lastKnownFileType = sourcecode.swift; path = SetupPageView.swift; sourceTree = "<group>"; };
		9F84D9B725079153006C1B77 /* en */ = {isa = PBXFileReference; lastKnownFileType = text.plist.strings; name = en; path = en.lproj/InfoPlist.strings; sourceTree = "<group>"; };
		9F84D9B925079156006C1B77 /* sv */ = {isa = PBXFileReference; lastKnownFileType = text.plist.strings; name = sv; path = sv.lproj/InfoPlist.strings; sourceTree = "<group>"; };
		9F91C19A25813426007B9605 /* TimeInterval.swift */ = {isa = PBXFileReference; lastKnownFileType = sourcecode.swift; path = TimeInterval.swift; sourceTree = "<group>"; };
		9F91C19D258137EF007B9605 /* DateInterval.swift */ = {isa = PBXFileReference; lastKnownFileType = sourcecode.swift; path = DateInterval.swift; sourceTree = "<group>"; };
		9F9C08C0258A7F14003C26CB /* Bioavailability.swift */ = {isa = PBXFileReference; lastKnownFileType = sourcecode.swift; path = Bioavailability.swift; sourceTree = "<group>"; };
		9F9E6BDD252DFB9D0091ABAF /* TakeDrugView.swift */ = {isa = PBXFileReference; lastKnownFileType = sourcecode.swift; path = TakeDrugView.swift; sourceTree = "<group>"; };
		9FA282ED2541C835005021FC /* DrugInteraction.swift */ = {isa = PBXFileReference; lastKnownFileType = sourcecode.swift; path = DrugInteraction.swift; sourceTree = "<group>"; };
		9FA282F02541C899005021FC /* DrugInteractionSeverity.swift */ = {isa = PBXFileReference; lastKnownFileType = sourcecode.swift; path = DrugInteractionSeverity.swift; sourceTree = "<group>"; };
		9FA381CE250629840053C3F4 /* TakeSafe.app */ = {isa = PBXFileReference; explicitFileType = wrapper.application; includeInIndex = 0; path = TakeSafe.app; sourceTree = BUILT_PRODUCTS_DIR; };
		9FA381D1250629840053C3F4 /* TakeSafeApp.swift */ = {isa = PBXFileReference; lastKnownFileType = sourcecode.swift; path = TakeSafeApp.swift; sourceTree = "<group>"; };
		9FA381D3250629840053C3F4 /* ContentView.swift */ = {isa = PBXFileReference; lastKnownFileType = sourcecode.swift; path = ContentView.swift; sourceTree = "<group>"; };
		9FA381D5250629850053C3F4 /* Assets.xcassets */ = {isa = PBXFileReference; lastKnownFileType = folder.assetcatalog; path = Assets.xcassets; sourceTree = "<group>"; };
		9FA381D8250629850053C3F4 /* Preview Assets.xcassets */ = {isa = PBXFileReference; lastKnownFileType = folder.assetcatalog; path = "Preview Assets.xcassets"; sourceTree = "<group>"; };
		9FA381DA250629850053C3F4 /* Info.plist */ = {isa = PBXFileReference; lastKnownFileType = text.plist.xml; path = Info.plist; sourceTree = "<group>"; };
		9FA381E125062BAF0053C3F4 /* Launch Screen.storyboard */ = {isa = PBXFileReference; lastKnownFileType = file.storyboard; path = "Launch Screen.storyboard"; sourceTree = "<group>"; };
		9FA381E425062CB50053C3F4 /* OnboardingView.swift */ = {isa = PBXFileReference; lastKnownFileType = sourcecode.swift; path = OnboardingView.swift; sourceTree = "<group>"; };
		9FA381E625062CC70053C3F4 /* IntroPage.swift */ = {isa = PBXFileReference; lastKnownFileType = sourcecode.swift; path = IntroPage.swift; sourceTree = "<group>"; };
		9FA381EC25064E0B0053C3F4 /* PageViewController.swift */ = {isa = PBXFileReference; lastKnownFileType = sourcecode.swift; path = PageViewController.swift; sourceTree = "<group>"; };
		9FAA2F5A256AC8A7006F0479 /* DrugInfo.swift */ = {isa = PBXFileReference; lastKnownFileType = sourcecode.swift; path = DrugInfo.swift; sourceTree = "<group>"; };
		9FAA2F5D256AD94B006F0479 /* Legality.swift */ = {isa = PBXFileReference; lastKnownFileType = sourcecode.swift; path = Legality.swift; sourceTree = "<group>"; };
		9FAA2F60256AE03A006F0479 /* Jurisdiction.swift */ = {isa = PBXFileReference; lastKnownFileType = sourcecode.swift; path = Jurisdiction.swift; sourceTree = "<group>"; };
		9FAD9D36253DE8E8007E016F /* HealthManager.swift */ = {isa = PBXFileReference; lastKnownFileType = sourcecode.swift; path = HealthManager.swift; sourceTree = "<group>"; };
		9FB630EB2535A87900397152 /* EmptyState.swift */ = {isa = PBXFileReference; lastKnownFileType = sourcecode.swift; path = EmptyState.swift; sourceTree = "<group>"; };
		9FB630EF2535E86600397152 /* DrugListItem.swift */ = {isa = PBXFileReference; lastKnownFileType = sourcecode.swift; path = DrugListItem.swift; sourceTree = "<group>"; };
		9FB75787253845CB002EBB0E /* DateComponentsExtension.swift */ = {isa = PBXFileReference; lastKnownFileType = sourcecode.swift; path = DateComponentsExtension.swift; sourceTree = "<group>"; };
		9FC04665250655EF000B2AAC /* PageControl.swift */ = {isa = PBXFileReference; lastKnownFileType = sourcecode.swift; path = PageControl.swift; sourceTree = "<group>"; };
		9FC04670250664EF000B2AAC /* en */ = {isa = PBXFileReference; lastKnownFileType = text.plist.strings; name = en; path = en.lproj/Localizable.strings; sourceTree = "<group>"; };
		9FC04672250664F8000B2AAC /* sv */ = {isa = PBXFileReference; lastKnownFileType = text.plist.strings; name = sv; path = sv.lproj/Localizable.strings; sourceTree = "<group>"; };
		9FC5B42C2508D06700DDF30A /* SetupPageViewController.swift */ = {isa = PBXFileReference; lastKnownFileType = sourcecode.swift; path = SetupPageViewController.swift; sourceTree = "<group>"; };
		9FC632F525374F6A00DA145B /* DrugList.swift */ = {isa = PBXFileReference; lastKnownFileType = sourcecode.swift; path = DrugList.swift; sourceTree = "<group>"; };
		9FC632F825374F9300DA145B /* DrugsView.swift */ = {isa = PBXFileReference; lastKnownFileType = sourcecode.swift; path = DrugsView.swift; sourceTree = "<group>"; };
		9FC633062537918000DA145B /* LD50.swift */ = {isa = PBXFileReference; lastKnownFileType = sourcecode.swift; path = LD50.swift; sourceTree = "<group>"; };
		9FC6330A2537954200DA145B /* StringExtension.swift */ = {isa = PBXFileReference; lastKnownFileType = sourcecode.swift; path = StringExtension.swift; sourceTree = "<group>"; };
		9FC76C592531F47800603314 /* ActivityView.swift */ = {isa = PBXFileReference; lastKnownFileType = sourcecode.swift; path = ActivityView.swift; sourceTree = "<group>"; };
		9FD29B302534725700F90F04 /* AboutView.swift */ = {isa = PBXFileReference; lastKnownFileType = sourcecode.swift; path = AboutView.swift; sourceTree = "<group>"; };
		9FD46F1C252CC19900FB5754 /* DrugView.swift */ = {isa = PBXFileReference; lastKnownFileType = sourcecode.swift; path = DrugView.swift; sourceTree = "<group>"; };
		9FD46F20252CC1C700FB5754 /* Drug.swift */ = {isa = PBXFileReference; lastKnownFileType = sourcecode.swift; path = Drug.swift; sourceTree = "<group>"; };
		9FD46F24252CD7D200FB5754 /* DrugClass.swift */ = {isa = PBXFileReference; lastKnownFileType = sourcecode.swift; path = DrugClass.swift; sourceTree = "<group>"; };
		9FD46F27252CDA5700FB5754 /* Dependence.swift */ = {isa = PBXFileReference; lastKnownFileType = sourcecode.swift; path = Dependence.swift; sourceTree = "<group>"; };
		9FD46F2A252CDB1000FB5754 /* Addiction.swift */ = {isa = PBXFileReference; lastKnownFileType = sourcecode.swift; path = Addiction.swift; sourceTree = "<group>"; };
		9FDBD90325588DD5002F4A37 /* DrugPhase.swift */ = {isa = PBXFileReference; lastKnownFileType = sourcecode.swift; path = DrugPhase.swift; sourceTree = "<group>"; };
		9FE23820255DDC790055A1C1 /* LicenseList.swift */ = {isa = PBXFileReference; lastKnownFileType = sourcecode.swift; path = LicenseList.swift; sourceTree = "<group>"; };
		9FE23827255DDD330055A1C1 /* Package.swift */ = {isa = PBXFileReference; lastKnownFileType = sourcecode.swift; path = Package.swift; sourceTree = "<group>"; };
		9FE2382F255DDDE60055A1C1 /* Meta.swift */ = {isa = PBXFileReference; lastKnownFileType = sourcecode.swift; path = Meta.swift; sourceTree = "<group>"; };
		9FE23838255DE06D0055A1C1 /* LicenseView.swift */ = {isa = PBXFileReference; lastKnownFileType = sourcecode.swift; path = LicenseView.swift; sourceTree = "<group>"; };
		9FE2383B255DE0DE0055A1C1 /* License.swift */ = {isa = PBXFileReference; lastKnownFileType = sourcecode.swift; path = License.swift; sourceTree = "<group>"; };
		9FE2383E255DE61F0055A1C1 /* LicenseListItem.swift */ = {isa = PBXFileReference; lastKnownFileType = sourcecode.swift; path = LicenseListItem.swift; sourceTree = "<group>"; };
		9FF2481625703E980072650F /* InfoSheet.swift */ = {isa = PBXFileReference; lastKnownFileType = sourcecode.swift; path = InfoSheet.swift; sourceTree = "<group>"; };
		9FF4A6F72582BBFE004F4FC7 /* PhaseView.swift */ = {isa = PBXFileReference; lastKnownFileType = sourcecode.swift; path = PhaseView.swift; sourceTree = "<group>"; };
		9FF4B3532539F9BD0040720A /* API.swift */ = {isa = PBXFileReference; lastKnownFileType = sourcecode.swift; path = API.swift; sourceTree = "<group>"; };
		9FF4B356253A23650040720A /* DrugManager.swift */ = {isa = PBXFileReference; lastKnownFileType = sourcecode.swift; path = DrugManager.swift; sourceTree = "<group>"; };
		9FFCB7622561940B00716769 /* WarningListItem.swift */ = {isa = PBXFileReference; lastKnownFileType = sourcecode.swift; path = WarningListItem.swift; sourceTree = "<group>"; };
		9FFD215625069AF5002F01B9 /* ContainedButton.swift */ = {isa = PBXFileReference; lastKnownFileType = sourcecode.swift; path = ContainedButton.swift; sourceTree = "<group>"; };
		9FFD215B2506CB34002F01B9 /* TakeSafe.entitlements */ = {isa = PBXFileReference; lastKnownFileType = text.plist.entitlements; path = TakeSafe.entitlements; sourceTree = "<group>"; };
		9FFD215D2506CB34002F01B9 /* HealthKit.framework */ = {isa = PBXFileReference; lastKnownFileType = wrapper.framework; name = HealthKit.framework; path = System/Library/Frameworks/HealthKit.framework; sourceTree = SDKROOT; };
		9FFD21652506D327002F01B9 /* IntroPageView.swift */ = {isa = PBXFileReference; lastKnownFileType = sourcecode.swift; path = IntroPageView.swift; sourceTree = "<group>"; };
		9FFD21672506DA3F002F01B9 /* AppDelegate.swift */ = {isa = PBXFileReference; lastKnownFileType = sourcecode.swift; path = AppDelegate.swift; sourceTree = "<group>"; };
		9FFD21702506E577002F01B9 /* OnboardingState.swift */ = {isa = PBXFileReference; lastKnownFileType = sourcecode.swift; path = OnboardingState.swift; sourceTree = "<group>"; };
/* End PBXFileReference section */

/* Begin PBXFrameworksBuildPhase section */
		9FA381CB250629840053C3F4 /* Frameworks */ = {
			isa = PBXFrameworksBuildPhase;
			buildActionMask = 2147483647;
			files = (
				9FFD215E2506CB34002F01B9 /* HealthKit.framework in Frameworks */,
				9F9E6BDA252DF3050091ABAF /* BetterSafariView in Frameworks */,
				9F843AFB25631D2800D1B3E1 /* Sentry in Frameworks */,
			);
			runOnlyForDeploymentPostprocessing = 0;
		};
/* End PBXFrameworksBuildPhase section */

/* Begin PBXGroup section */
		9F4F13FD2560187D001D9ABD /* Group Boxes */ = {
			isa = PBXGroup;
			children = (
				9F4F13FE2560188E001D9ABD /* InteractionGroupBox.swift */,
			);
			path = "Group Boxes";
			sourceTree = "<group>";
		};
		9F84D9BA25079197006C1B77 /* Localization */ = {
			isa = PBXGroup;
			children = (
				9FC04671250664EF000B2AAC /* Localizable.strings */,
				9F84D9B825079153006C1B77 /* InfoPlist.strings */,
			);
			path = Localization;
			sourceTree = "<group>";
		};
		9FA381C5250629840053C3F4 = {
			isa = PBXGroup;
			children = (
				9FA381D0250629840053C3F4 /* TakeSafe */,
				9FA381CF250629840053C3F4 /* Products */,
				9FFD215C2506CB34002F01B9 /* Frameworks */,
			);
			sourceTree = "<group>";
		};
		9FA381CF250629840053C3F4 /* Products */ = {
			isa = PBXGroup;
			children = (
				9FA381CE250629840053C3F4 /* TakeSafe.app */,
			);
			name = Products;
			sourceTree = "<group>";
		};
		9FA381D0250629840053C3F4 /* TakeSafe */ = {
			isa = PBXGroup;
			children = (
				9FE23823255DDD100055A1C1 /* Data */,
				9FC633092537953600DA145B /* Extensions */,
				9FD46F1F252CC1B800FB5754 /* Models */,
				9F84D9BA25079197006C1B77 /* Localization */,
				9FFD215B2506CB34002F01B9 /* TakeSafe.entitlements */,
				9FA381E0250629FB0053C3F4 /* Views */,
				9FA381D1250629840053C3F4 /* TakeSafeApp.swift */,
				9FA381D5250629850053C3F4 /* Assets.xcassets */,
				9FA381DA250629850053C3F4 /* Info.plist */,
				9FA381D7250629850053C3F4 /* Preview Content */,
				9FFD21672506DA3F002F01B9 /* AppDelegate.swift */,
				9FF4B3532539F9BD0040720A /* API.swift */,
				9FF4B356253A23650040720A /* DrugManager.swift */,
				9FAD9D36253DE8E8007E016F /* HealthManager.swift */,
				9F074F2F2551383B00894ED9 /* NotificationManager.swift */,
			);
			path = TakeSafe;
			sourceTree = "<group>";
		};
		9FA381D7250629850053C3F4 /* Preview Content */ = {
			isa = PBXGroup;
			children = (
				9FA381D8250629850053C3F4 /* Preview Assets.xcassets */,
			);
			path = "Preview Content";
			sourceTree = "<group>";
		};
		9FA381E0250629FB0053C3F4 /* Views */ = {
			isa = PBXGroup;
			children = (
				9F4F13FD2560187D001D9ABD /* Group Boxes */,
				9FD003B2253396420038E549 /* Settings */,
				9FD46F1B252CC18A00FB5754 /* Drugs */,
				9FFD215525069ADB002F01B9 /* Buttons */,
				9FA381E325062CA50053C3F4 /* Onboarding */,
				9FA381D3250629840053C3F4 /* ContentView.swift */,
				9FA381E125062BAF0053C3F4 /* Launch Screen.storyboard */,
				9FA381EC25064E0B0053C3F4 /* PageViewController.swift */,
				9FC04665250655EF000B2AAC /* PageControl.swift */,
				9FC76C592531F47800603314 /* ActivityView.swift */,
				9FB630EB2535A87900397152 /* EmptyState.swift */,
				9F2011E2253B720D00B47701 /* IconImage.swift */,
				9FE23820255DDC790055A1C1 /* LicenseList.swift */,
				9FE23838255DE06D0055A1C1 /* LicenseView.swift */,
				9FE2383E255DE61F0055A1C1 /* LicenseListItem.swift */,
				9FFCB7622561940B00716769 /* WarningListItem.swift */,
				9FAA2F5A256AC8A7006F0479 /* DrugInfo.swift */,
				9FF2481625703E980072650F /* InfoSheet.swift */,
				9F7B4FE225755754002D7969 /* Timeline.swift */,
				9FF4A6F72582BBFE004F4FC7 /* PhaseView.swift */,
				9F3E3E942587FC4000C06480 /* MailView.swift */,
				9F0A91AD25A1FBD800A11037 /* WarningText.swift */,
			);
			path = Views;
			sourceTree = "<group>";
		};
		9FA381E325062CA50053C3F4 /* Onboarding */ = {
			isa = PBXGroup;
			children = (
				9FA381E425062CB50053C3F4 /* OnboardingView.swift */,
				9FA381E625062CC70053C3F4 /* IntroPage.swift */,
				9FFD21652506D327002F01B9 /* IntroPageView.swift */,
				9FFD21702506E577002F01B9 /* OnboardingState.swift */,
				9F84D9AE2507809D006C1B77 /* SetupPageView.swift */,
				9FC5B42C2508D06700DDF30A /* SetupPageViewController.swift */,
			);
			path = Onboarding;
			sourceTree = "<group>";
		};
		9FC633092537953600DA145B /* Extensions */ = {
			isa = PBXGroup;
			children = (
				9FC6330A2537954200DA145B /* StringExtension.swift */,
				9FB75787253845CB002EBB0E /* DateComponentsExtension.swift */,
				9F5C67BB2538CE0E0025FE15 /* UnitMassExtension.swift */,
				9F91C19A25813426007B9605 /* TimeInterval.swift */,
				9F91C19D258137EF007B9605 /* DateInterval.swift */,
			);
			path = Extensions;
			sourceTree = "<group>";
		};
		9FD003B2253396420038E549 /* Settings */ = {
			isa = PBXGroup;
			children = (
				9F6A0B272531006600872936 /* SettingsView.swift */,
				9FD29B302534725700F90F04 /* AboutView.swift */,
			);
			path = Settings;
			sourceTree = "<group>";
		};
		9FD46F1B252CC18A00FB5754 /* Drugs */ = {
			isa = PBXGroup;
			children = (
				9FD46F1C252CC19900FB5754 /* DrugView.swift */,
				9F9E6BDD252DFB9D0091ABAF /* TakeDrugView.swift */,
				9FB630EF2535E86600397152 /* DrugListItem.swift */,
				9FC632F525374F6A00DA145B /* DrugList.swift */,
				9FC632F825374F9300DA145B /* DrugsView.swift */,
				9F2011DF253B545400B47701 /* ActiveDrugListItem.swift */,
				9F73F6D3253CBB1500B93569 /* ActiveDrugList.swift */,
				9F73F6D6253CC1A600B93569 /* ActiveDrugView.swift */,
				9F4F140225601E0C001D9ABD /* InteractionList.swift */,
				9F4F140525601E63001D9ABD /* InteractionListItem.swift */,
			);
			path = Drugs;
			sourceTree = "<group>";
		};
		9FD46F1F252CC1B800FB5754 /* Models */ = {
			isa = PBXGroup;
			children = (
				9FD46F20252CC1C700FB5754 /* Drug.swift */,
				9FD46F24252CD7D200FB5754 /* DrugClass.swift */,
				9FD46F27252CDA5700FB5754 /* Dependence.swift */,
				9FD46F2A252CDB1000FB5754 /* Addiction.swift */,
				9FC633062537918000DA145B /* LD50.swift */,
				9F5372B7253AEA6B0043375D /* ActiveDrug.swift */,
				9F2011E5253B733B00B47701 /* Icon.swift */,
				9F73F6D0253C3F6A00B93569 /* AdministrationRoute.swift */,
				9FA282ED2541C835005021FC /* DrugInteraction.swift */,
				9FA282F02541C899005021FC /* DrugInteractionSeverity.swift */,
				9FDBD90325588DD5002F4A37 /* DrugPhase.swift */,
				9F4D1374255DA13D0098B5D0 /* ActiveDrugs.swift */,
				9FE23827255DDD330055A1C1 /* Package.swift */,
				9FE2383B255DE0DE0055A1C1 /* License.swift */,
				9F26200725602DFA004202F6 /* UserDefault.swift */,
				9F26200E25602E58004202F6 /* Settings.swift */,
				9FAA2F5D256AD94B006F0479 /* Legality.swift */,
				9FAA2F60256AE03A006F0479 /* Jurisdiction.swift */,
				9F29CBA92574069900DBCEB6 /* DurationComponent.swift */,
				9F29CBAC2574073100DBCEB6 /* DurationType.swift */,
				9F9C08C0258A7F14003C26CB /* Bioavailability.swift */,
			);
			path = Models;
			sourceTree = "<group>";
		};
		9FE23823255DDD100055A1C1 /* Data */ = {
			isa = PBXGroup;
			children = (
				9F5372BB253AF30A0043375D /* SampleData.swift */,
				9FE2382F255DDDE60055A1C1 /* Meta.swift */,
			);
			path = Data;
			sourceTree = "<group>";
		};
		9FFD215525069ADB002F01B9 /* Buttons */ = {
			isa = PBXGroup;
			children = (
				9FFD215625069AF5002F01B9 /* ContainedButton.swift */,
			);
			path = Buttons;
			sourceTree = "<group>";
		};
		9FFD215C2506CB34002F01B9 /* Frameworks */ = {
			isa = PBXGroup;
			children = (
				9FFD215D2506CB34002F01B9 /* HealthKit.framework */,
			);
			name = Frameworks;
			sourceTree = "<group>";
		};
/* End PBXGroup section */

/* Begin PBXNativeTarget section */
		9FA381CD250629840053C3F4 /* TakeSafe */ = {
			isa = PBXNativeTarget;
			buildConfigurationList = 9FA381DD250629850053C3F4 /* Build configuration list for PBXNativeTarget "TakeSafe" */;
			buildPhases = (
				9FA381CA250629840053C3F4 /* Sources */,
				9FA381CB250629840053C3F4 /* Frameworks */,
				9FA381CC250629840053C3F4 /* Resources */,
			);
			buildRules = (
			);
			dependencies = (
			);
			name = TakeSafe;
			packageProductDependencies = (
				9F9E6BD9252DF3050091ABAF /* BetterSafariView */,
				9F843AFA25631D2800D1B3E1 /* Sentry */,
			);
			productName = TakeSafe;
			productReference = 9FA381CE250629840053C3F4 /* TakeSafe.app */;
			productType = "com.apple.product-type.application";
		};
/* End PBXNativeTarget section */

/* Begin PBXProject section */
		9FA381C6250629840053C3F4 /* Project object */ = {
			isa = PBXProject;
			attributes = {
				LastSwiftUpdateCheck = 1200;
				LastUpgradeCheck = 1210;
				TargetAttributes = {
					9FA381CD250629840053C3F4 = {
						CreatedOnToolsVersion = 12.0;
					};
				};
			};
			buildConfigurationList = 9FA381C9250629840053C3F4 /* Build configuration list for PBXProject "TakeSafe" */;
			compatibilityVersion = "Xcode 9.3";
			developmentRegion = en;
			hasScannedForEncodings = 0;
			knownRegions = (
				en,
				Base,
				sv,
			);
			mainGroup = 9FA381C5250629840053C3F4;
			packageReferences = (
				9F9E6BD8252DF3050091ABAF /* XCRemoteSwiftPackageReference "BetterSafariView" */,
				9F843AF925631D2800D1B3E1 /* XCRemoteSwiftPackageReference "sentry-cocoa" */,
			);
			productRefGroup = 9FA381CF250629840053C3F4 /* Products */;
			projectDirPath = "";
			projectRoot = "";
			targets = (
				9FA381CD250629840053C3F4 /* TakeSafe */,
			);
		};
/* End PBXProject section */

/* Begin PBXResourcesBuildPhase section */
		9FA381CC250629840053C3F4 /* Resources */ = {
			isa = PBXResourcesBuildPhase;
			buildActionMask = 2147483647;
			files = (
				9FA381E225062BAF0053C3F4 /* Launch Screen.storyboard in Resources */,
				9FC0466F250664EF000B2AAC /* Localizable.strings in Resources */,
				9FA381D9250629850053C3F4 /* Preview Assets.xcassets in Resources */,
				9FA381D6250629850053C3F4 /* Assets.xcassets in Resources */,
				9F84D9B625079153006C1B77 /* InfoPlist.strings in Resources */,
			);
			runOnlyForDeploymentPostprocessing = 0;
		};
/* End PBXResourcesBuildPhase section */

/* Begin PBXSourcesBuildPhase section */
		9FA381CA250629840053C3F4 /* Sources */ = {
			isa = PBXSourcesBuildPhase;
			buildActionMask = 2147483647;
			files = (
				9F6A0B282531006600872936 /* SettingsView.swift in Sources */,
				9FC632F925374F9300DA145B /* DrugsView.swift in Sources */,
				9FE2383F255DE61F0055A1C1 /* LicenseListItem.swift in Sources */,
				9FD46F2B252CDB1000FB5754 /* Addiction.swift in Sources */,
				9F73F6D4253CBB1500B93569 /* ActiveDrugList.swift in Sources */,
				9FA282F12541C899005021FC /* DrugInteractionSeverity.swift in Sources */,
				9FA381E725062CC70053C3F4 /* IntroPage.swift in Sources */,
				9FD46F1D252CC19900FB5754 /* DrugView.swift in Sources */,
				9F26200825602DFA004202F6 /* UserDefault.swift in Sources */,
				9FA282EE2541C835005021FC /* DrugInteraction.swift in Sources */,
				9FFD215725069AF5002F01B9 /* ContainedButton.swift in Sources */,
				9FC04666250655EF000B2AAC /* PageControl.swift in Sources */,
				9FAA2F5E256AD94B006F0479 /* Legality.swift in Sources */,
				9F84D9AF2507809D006C1B77 /* SetupPageView.swift in Sources */,
				9F4F140325601E0C001D9ABD /* InteractionList.swift in Sources */,
				9F5372BC253AF30A0043375D /* SampleData.swift in Sources */,
				9F2011E0253B545400B47701 /* ActiveDrugListItem.swift in Sources */,
				9FD46F21252CC1C700FB5754 /* Drug.swift in Sources */,
				9F26200F25602E58004202F6 /* Settings.swift in Sources */,
				9FD46F28252CDA5700FB5754 /* Dependence.swift in Sources */,
				9F29CBAD2574073100DBCEB6 /* DurationType.swift in Sources */,
				9F91C19B25813426007B9605 /* TimeInterval.swift in Sources */,
				9F2011E6253B733B00B47701 /* Icon.swift in Sources */,
				9F3E3E952587FC4000C06480 /* MailView.swift in Sources */,
				9F4D1375255DA13D0098B5D0 /* ActiveDrugs.swift in Sources */,
				9F5372B8253AEA6B0043375D /* ActiveDrug.swift in Sources */,
				9FE23821255DDC790055A1C1 /* LicenseList.swift in Sources */,
				9F73F6D7253CC1A600B93569 /* ActiveDrugView.swift in Sources */,
				9FFD21682506DA3F002F01B9 /* AppDelegate.swift in Sources */,
				9FD46F25252CD7D200FB5754 /* DrugClass.swift in Sources */,
				9FE23828255DDD330055A1C1 /* Package.swift in Sources */,
				9FC6330B2537954200DA145B /* StringExtension.swift in Sources */,
				9FC633072537918000DA145B /* LD50.swift in Sources */,
				9F0A91AE25A1FBD800A11037 /* WarningText.swift in Sources */,
				9F4F140625601E63001D9ABD /* InteractionListItem.swift in Sources */,
				9F7B4FE325755754002D7969 /* Timeline.swift in Sources */,
				9FE23830255DDDE60055A1C1 /* Meta.swift in Sources */,
				9FA381ED25064E0B0053C3F4 /* PageViewController.swift in Sources */,
				9FDBD90425588DD5002F4A37 /* DrugPhase.swift in Sources */,
				9FAD9D37253DE8E8007E016F /* HealthManager.swift in Sources */,
				9FA381E525062CB50053C3F4 /* OnboardingView.swift in Sources */,
				9FAA2F61256AE03A006F0479 /* Jurisdiction.swift in Sources */,
				9F91C19E258137EF007B9605 /* DateInterval.swift in Sources */,
				9F074F302551383B00894ED9 /* NotificationManager.swift in Sources */,
				9FE2383C255DE0DE0055A1C1 /* License.swift in Sources */,
				9FD29B312534725700F90F04 /* AboutView.swift in Sources */,
				9FC5B42D2508D06700DDF30A /* SetupPageViewController.swift in Sources */,
				9FAA2F5B256AC8A7006F0479 /* DrugInfo.swift in Sources */,
				9FF2481725703E980072650F /* InfoSheet.swift in Sources */,
				9FFD21662506D327002F01B9 /* IntroPageView.swift in Sources */,
				9F9E6BDE252DFB9D0091ABAF /* TakeDrugView.swift in Sources */,
				9FA381D4250629840053C3F4 /* ContentView.swift in Sources */,
				9FFD21712506E577002F01B9 /* OnboardingState.swift in Sources */,
				9F4F13FF2560188E001D9ABD /* InteractionGroupBox.swift in Sources */,
				9FE23839255DE06D0055A1C1 /* LicenseView.swift in Sources */,
				9FF4B3542539F9BD0040720A /* API.swift in Sources */,
				9F9C08C1258A7F14003C26CB /* Bioavailability.swift in Sources */,
				9FC632F625374F6A00DA145B /* DrugList.swift in Sources */,
				9FF4B357253A23650040720A /* DrugManager.swift in Sources */,
				9FFCB7632561940B00716769 /* WarningListItem.swift in Sources */,
				9FF4A6F82582BBFE004F4FC7 /* PhaseView.swift in Sources */,
				9FB630F02535E86600397152 /* DrugListItem.swift in Sources */,
				9F73F6D1253C3F6A00B93569 /* AdministrationRoute.swift in Sources */,
				9F2011E3253B720D00B47701 /* IconImage.swift in Sources */,
				9FB630EC2535A87900397152 /* EmptyState.swift in Sources */,
				9FC76C5A2531F47800603314 /* ActivityView.swift in Sources */,
				9F5C67BC2538CE0E0025FE15 /* UnitMassExtension.swift in Sources */,
				9F29CBAA2574069900DBCEB6 /* DurationComponent.swift in Sources */,
				9FA381D2250629840053C3F4 /* TakeSafeApp.swift in Sources */,
				9FB75788253845CB002EBB0E /* DateComponentsExtension.swift in Sources */,
			);
			runOnlyForDeploymentPostprocessing = 0;
		};
/* End PBXSourcesBuildPhase section */

/* Begin PBXVariantGroup section */
		9F84D9B825079153006C1B77 /* InfoPlist.strings */ = {
			isa = PBXVariantGroup;
			children = (
				9F84D9B725079153006C1B77 /* en */,
				9F84D9B925079156006C1B77 /* sv */,
			);
			name = InfoPlist.strings;
			sourceTree = "<group>";
		};
		9FC04671250664EF000B2AAC /* Localizable.strings */ = {
			isa = PBXVariantGroup;
			children = (
				9FC04670250664EF000B2AAC /* en */,
				9FC04672250664F8000B2AAC /* sv */,
			);
			name = Localizable.strings;
			sourceTree = "<group>";
		};
/* End PBXVariantGroup section */

/* Begin XCBuildConfiguration section */
		9FA381DB250629850053C3F4 /* Debug */ = {
			isa = XCBuildConfiguration;
			buildSettings = {
				ALWAYS_SEARCH_USER_PATHS = NO;
				CLANG_ANALYZER_LOCALIZABILITY_NONLOCALIZED = YES;
				CLANG_ANALYZER_NONNULL = YES;
				CLANG_ANALYZER_NUMBER_OBJECT_CONVERSION = YES_AGGRESSIVE;
				CLANG_CXX_LANGUAGE_STANDARD = "gnu++14";
				CLANG_CXX_LIBRARY = "libc++";
				CLANG_ENABLE_MODULES = YES;
				CLANG_ENABLE_OBJC_ARC = YES;
				CLANG_ENABLE_OBJC_WEAK = YES;
				CLANG_WARN_BLOCK_CAPTURE_AUTORELEASING = YES;
				CLANG_WARN_BOOL_CONVERSION = YES;
				CLANG_WARN_COMMA = YES;
				CLANG_WARN_CONSTANT_CONVERSION = YES;
				CLANG_WARN_DEPRECATED_OBJC_IMPLEMENTATIONS = YES;
				CLANG_WARN_DIRECT_OBJC_ISA_USAGE = YES_ERROR;
				CLANG_WARN_DOCUMENTATION_COMMENTS = YES;
				CLANG_WARN_EMPTY_BODY = YES;
				CLANG_WARN_ENUM_CONVERSION = YES;
				CLANG_WARN_INFINITE_RECURSION = YES;
				CLANG_WARN_INT_CONVERSION = YES;
				CLANG_WARN_NON_LITERAL_NULL_CONVERSION = YES;
				CLANG_WARN_OBJC_IMPLICIT_RETAIN_SELF = YES;
				CLANG_WARN_OBJC_LITERAL_CONVERSION = YES;
				CLANG_WARN_OBJC_ROOT_CLASS = YES_ERROR;
				CLANG_WARN_QUOTED_INCLUDE_IN_FRAMEWORK_HEADER = YES;
				CLANG_WARN_RANGE_LOOP_ANALYSIS = YES;
				CLANG_WARN_STRICT_PROTOTYPES = YES;
				CLANG_WARN_SUSPICIOUS_MOVE = YES;
				CLANG_WARN_UNGUARDED_AVAILABILITY = YES_AGGRESSIVE;
				CLANG_WARN_UNREACHABLE_CODE = YES;
				CLANG_WARN__DUPLICATE_METHOD_MATCH = YES;
				COPY_PHASE_STRIP = NO;
				DEBUG_INFORMATION_FORMAT = dwarf;
				ENABLE_STRICT_OBJC_MSGSEND = YES;
				ENABLE_TESTABILITY = YES;
				GCC_C_LANGUAGE_STANDARD = gnu11;
				GCC_DYNAMIC_NO_PIC = NO;
				GCC_NO_COMMON_BLOCKS = YES;
				GCC_OPTIMIZATION_LEVEL = 0;
				GCC_PREPROCESSOR_DEFINITIONS = (
					"DEBUG=1",
					"$(inherited)",
				);
				GCC_WARN_64_TO_32_BIT_CONVERSION = YES;
				GCC_WARN_ABOUT_RETURN_TYPE = YES_ERROR;
				GCC_WARN_UNDECLARED_SELECTOR = YES;
				GCC_WARN_UNINITIALIZED_AUTOS = YES_AGGRESSIVE;
				GCC_WARN_UNUSED_FUNCTION = YES;
				GCC_WARN_UNUSED_VARIABLE = YES;
				IPHONEOS_DEPLOYMENT_TARGET = 14.0;
				MTL_ENABLE_DEBUG_INFO = INCLUDE_SOURCE;
				MTL_FAST_MATH = YES;
				ONLY_ACTIVE_ARCH = YES;
				SDKROOT = iphoneos;
				SWIFT_ACTIVE_COMPILATION_CONDITIONS = DEBUG;
				SWIFT_OPTIMIZATION_LEVEL = "-Onone";
			};
			name = Debug;
		};
		9FA381DC250629850053C3F4 /* Release */ = {
			isa = XCBuildConfiguration;
			buildSettings = {
				ALWAYS_SEARCH_USER_PATHS = NO;
				CLANG_ANALYZER_LOCALIZABILITY_NONLOCALIZED = YES;
				CLANG_ANALYZER_NONNULL = YES;
				CLANG_ANALYZER_NUMBER_OBJECT_CONVERSION = YES_AGGRESSIVE;
				CLANG_CXX_LANGUAGE_STANDARD = "gnu++14";
				CLANG_CXX_LIBRARY = "libc++";
				CLANG_ENABLE_MODULES = YES;
				CLANG_ENABLE_OBJC_ARC = YES;
				CLANG_ENABLE_OBJC_WEAK = YES;
				CLANG_WARN_BLOCK_CAPTURE_AUTORELEASING = YES;
				CLANG_WARN_BOOL_CONVERSION = YES;
				CLANG_WARN_COMMA = YES;
				CLANG_WARN_CONSTANT_CONVERSION = YES;
				CLANG_WARN_DEPRECATED_OBJC_IMPLEMENTATIONS = YES;
				CLANG_WARN_DIRECT_OBJC_ISA_USAGE = YES_ERROR;
				CLANG_WARN_DOCUMENTATION_COMMENTS = YES;
				CLANG_WARN_EMPTY_BODY = YES;
				CLANG_WARN_ENUM_CONVERSION = YES;
				CLANG_WARN_INFINITE_RECURSION = YES;
				CLANG_WARN_INT_CONVERSION = YES;
				CLANG_WARN_NON_LITERAL_NULL_CONVERSION = YES;
				CLANG_WARN_OBJC_IMPLICIT_RETAIN_SELF = YES;
				CLANG_WARN_OBJC_LITERAL_CONVERSION = YES;
				CLANG_WARN_OBJC_ROOT_CLASS = YES_ERROR;
				CLANG_WARN_QUOTED_INCLUDE_IN_FRAMEWORK_HEADER = YES;
				CLANG_WARN_RANGE_LOOP_ANALYSIS = YES;
				CLANG_WARN_STRICT_PROTOTYPES = YES;
				CLANG_WARN_SUSPICIOUS_MOVE = YES;
				CLANG_WARN_UNGUARDED_AVAILABILITY = YES_AGGRESSIVE;
				CLANG_WARN_UNREACHABLE_CODE = YES;
				CLANG_WARN__DUPLICATE_METHOD_MATCH = YES;
				COPY_PHASE_STRIP = NO;
				DEBUG_INFORMATION_FORMAT = "dwarf-with-dsym";
				ENABLE_NS_ASSERTIONS = NO;
				ENABLE_STRICT_OBJC_MSGSEND = YES;
				GCC_C_LANGUAGE_STANDARD = gnu11;
				GCC_NO_COMMON_BLOCKS = YES;
				GCC_WARN_64_TO_32_BIT_CONVERSION = YES;
				GCC_WARN_ABOUT_RETURN_TYPE = YES_ERROR;
				GCC_WARN_UNDECLARED_SELECTOR = YES;
				GCC_WARN_UNINITIALIZED_AUTOS = YES_AGGRESSIVE;
				GCC_WARN_UNUSED_FUNCTION = YES;
				GCC_WARN_UNUSED_VARIABLE = YES;
				IPHONEOS_DEPLOYMENT_TARGET = 14.0;
				MTL_ENABLE_DEBUG_INFO = NO;
				MTL_FAST_MATH = YES;
				SDKROOT = iphoneos;
				SWIFT_COMPILATION_MODE = wholemodule;
				SWIFT_OPTIMIZATION_LEVEL = "-O";
				VALIDATE_PRODUCT = YES;
			};
			name = Release;
		};
		9FA381DE250629850053C3F4 /* Debug */ = {
			isa = XCBuildConfiguration;
			buildSettings = {
				ASSETCATALOG_COMPILER_APPICON_NAME = AppIcon;
				ASSETCATALOG_COMPILER_GLOBAL_ACCENT_COLOR_NAME = AccentColor;
				CODE_SIGN_ENTITLEMENTS = TakeSafe/TakeSafe.entitlements;
				CODE_SIGN_IDENTITY = "Apple Development";
				CODE_SIGN_STYLE = Automatic;
				CURRENT_PROJECT_VERSION = 20;
				DEVELOPMENT_ASSET_PATHS = "\"TakeSafe/Preview Content\"";
				DEVELOPMENT_TEAM = 962Q3B697V;
				ENABLE_PREVIEWS = YES;
				INFOPLIST_FILE = TakeSafe/Info.plist;
				IPHONEOS_DEPLOYMENT_TARGET = 14.0;
				LD_RUNPATH_SEARCH_PATHS = (
					"$(inherited)",
					"@executable_path/Frameworks",
				);
				MARKETING_VERSION = 1.0.0;
				OTHER_LDFLAGS = "-ObjC";
				PRODUCT_BUNDLE_IDENTIFIER = com.phoqe.takesafe;
				PRODUCT_NAME = "$(TARGET_NAME)";
				PROVISIONING_PROFILE_SPECIFIER = "";
				SWIFT_VERSION = 5.0;
				TARGETED_DEVICE_FAMILY = 1;
			};
			name = Debug;
		};
		9FA381DF250629850053C3F4 /* Release */ = {
			isa = XCBuildConfiguration;
			buildSettings = {
				ASSETCATALOG_COMPILER_APPICON_NAME = AppIcon;
				ASSETCATALOG_COMPILER_GLOBAL_ACCENT_COLOR_NAME = AccentColor;
				CODE_SIGN_ENTITLEMENTS = TakeSafe/TakeSafe.entitlements;
				CODE_SIGN_IDENTITY = "Apple Development";
				CODE_SIGN_STYLE = Automatic;
				CURRENT_PROJECT_VERSION = 20;
				DEVELOPMENT_ASSET_PATHS = "\"TakeSafe/Preview Content\"";
				DEVELOPMENT_TEAM = 962Q3B697V;
				ENABLE_PREVIEWS = YES;
				INFOPLIST_FILE = TakeSafe/Info.plist;
				IPHONEOS_DEPLOYMENT_TARGET = 14.0;
				LD_RUNPATH_SEARCH_PATHS = (
					"$(inherited)",
					"@executable_path/Frameworks",
				);
				MARKETING_VERSION = 1.0.0;
				OTHER_LDFLAGS = "-ObjC";
				PRODUCT_BUNDLE_IDENTIFIER = com.phoqe.takesafe;
				PRODUCT_NAME = "$(TARGET_NAME)";
				PROVISIONING_PROFILE_SPECIFIER = "";
				SWIFT_VERSION = 5.0;
				TARGETED_DEVICE_FAMILY = 1;
			};
			name = Release;
		};
/* End XCBuildConfiguration section */

/* Begin XCConfigurationList section */
		9FA381C9250629840053C3F4 /* Build configuration list for PBXProject "TakeSafe" */ = {
			isa = XCConfigurationList;
			buildConfigurations = (
				9FA381DB250629850053C3F4 /* Debug */,
				9FA381DC250629850053C3F4 /* Release */,
			);
			defaultConfigurationIsVisible = 0;
			defaultConfigurationName = Release;
		};
		9FA381DD250629850053C3F4 /* Build configuration list for PBXNativeTarget "TakeSafe" */ = {
			isa = XCConfigurationList;
			buildConfigurations = (
				9FA381DE250629850053C3F4 /* Debug */,
				9FA381DF250629850053C3F4 /* Release */,
			);
			defaultConfigurationIsVisible = 0;
			defaultConfigurationName = Release;
		};
/* End XCConfigurationList section */

/* Begin XCRemoteSwiftPackageReference section */
		9F843AF925631D2800D1B3E1 /* XCRemoteSwiftPackageReference "sentry-cocoa" */ = {
			isa = XCRemoteSwiftPackageReference;
			repositoryURL = "https://github.com/getsentry/sentry-cocoa";
			requirement = {
				kind = upToNextMajorVersion;
				minimumVersion = 6.0.9;
			};
		};
		9F9E6BD8252DF3050091ABAF /* XCRemoteSwiftPackageReference "BetterSafariView" */ = {
			isa = XCRemoteSwiftPackageReference;
			repositoryURL = "https://github.com/stleamist/BetterSafariView.git";
			requirement = {
				kind = upToNextMajorVersion;
				minimumVersion = 2.2.2;
			};
		};
/* End XCRemoteSwiftPackageReference section */

/* Begin XCSwiftPackageProductDependency section */
		9F843AFA25631D2800D1B3E1 /* Sentry */ = {
			isa = XCSwiftPackageProductDependency;
			package = 9F843AF925631D2800D1B3E1 /* XCRemoteSwiftPackageReference "sentry-cocoa" */;
			productName = Sentry;
		};
		9F9E6BD9252DF3050091ABAF /* BetterSafariView */ = {
			isa = XCSwiftPackageProductDependency;
			package = 9F9E6BD8252DF3050091ABAF /* XCRemoteSwiftPackageReference "BetterSafariView" */;
			productName = BetterSafariView;
		};
/* End XCSwiftPackageProductDependency section */
	};
	rootObject = 9FA381C6250629840053C3F4 /* Project object */;
}
