// !$*UTF8*$!
{
	archiveVersion = 1;
	classes = {
	};
	objectVersion = 50;
	objects = {

/* Begin PBXBuildFile section */
		9FA381D2250629840053C3F4 /* TakeSafeApp.swift in Sources */ = {isa = PBXBuildFile; fileRef = 9FA381D1250629840053C3F4 /* TakeSafeApp.swift */; };
		9FA381D4250629840053C3F4 /* ContentView.swift in Sources */ = {isa = PBXBuildFile; fileRef = 9FA381D3250629840053C3F4 /* ContentView.swift */; };
		9FA381D6250629850053C3F4 /* Assets.xcassets in Resources */ = {isa = PBXBuildFile; fileRef = 9FA381D5250629850053C3F4 /* Assets.xcassets */; };
		9FA381D9250629850053C3F4 /* Preview Assets.xcassets in Resources */ = {isa = PBXBuildFile; fileRef = 9FA381D8250629850053C3F4 /* Preview Assets.xcassets */; };
		9FA381E225062BAF0053C3F4 /* Launch Screen.storyboard in Resources */ = {isa = PBXBuildFile; fileRef = 9FA381E125062BAF0053C3F4 /* Launch Screen.storyboard */; };
		9FA381E525062CB50053C3F4 /* OnboardingView.swift in Sources */ = {isa = PBXBuildFile; fileRef = 9FA381E425062CB50053C3F4 /* OnboardingView.swift */; };
		9FA381E725062CC70053C3F4 /* OnboardingScreen.swift in Sources */ = {isa = PBXBuildFile; fileRef = 9FA381E625062CC70053C3F4 /* OnboardingScreen.swift */; };
		9FA381ED25064E0B0053C3F4 /* PageViewController.swift in Sources */ = {isa = PBXBuildFile; fileRef = 9FA381EC25064E0B0053C3F4 /* PageViewController.swift */; };
		9FA381EF25064E9F0053C3F4 /* PageView.swift in Sources */ = {isa = PBXBuildFile; fileRef = 9FA381EE25064E9F0053C3F4 /* PageView.swift */; };
		9FC04666250655EF000B2AAC /* PageControl.swift in Sources */ = {isa = PBXBuildFile; fileRef = 9FC04665250655EF000B2AAC /* PageControl.swift */; };
/* End PBXBuildFile section */

/* Begin PBXFileReference section */
		9FA381CE250629840053C3F4 /* TakeSafe.app */ = {isa = PBXFileReference; explicitFileType = wrapper.application; includeInIndex = 0; path = TakeSafe.app; sourceTree = BUILT_PRODUCTS_DIR; };
		9FA381D1250629840053C3F4 /* TakeSafeApp.swift */ = {isa = PBXFileReference; lastKnownFileType = sourcecode.swift; path = TakeSafeApp.swift; sourceTree = "<group>"; };
		9FA381D3250629840053C3F4 /* ContentView.swift */ = {isa = PBXFileReference; lastKnownFileType = sourcecode.swift; path = ContentView.swift; sourceTree = "<group>"; };
		9FA381D5250629850053C3F4 /* Assets.xcassets */ = {isa = PBXFileReference; lastKnownFileType = folder.assetcatalog; path = Assets.xcassets; sourceTree = "<group>"; };
		9FA381D8250629850053C3F4 /* Preview Assets.xcassets */ = {isa = PBXFileReference; lastKnownFileType = folder.assetcatalog; path = "Preview Assets.xcassets"; sourceTree = "<group>"; };
		9FA381DA250629850053C3F4 /* Info.plist */ = {isa = PBXFileReference; lastKnownFileType = text.plist.xml; path = Info.plist; sourceTree = "<group>"; };
		9FA381E125062BAF0053C3F4 /* Launch Screen.storyboard */ = {isa = PBXFileReference; lastKnownFileType = file.storyboard; path = "Launch Screen.storyboard"; sourceTree = "<group>"; };
		9FA381E425062CB50053C3F4 /* OnboardingView.swift */ = {isa = PBXFileReference; lastKnownFileType = sourcecode.swift; path = OnboardingView.swift; sourceTree = "<group>"; };
		9FA381E625062CC70053C3F4 /* OnboardingScreen.swift */ = {isa = PBXFileReference; lastKnownFileType = sourcecode.swift; path = OnboardingScreen.swift; sourceTree = "<group>"; };
		9FA381EC25064E0B0053C3F4 /* PageViewController.swift */ = {isa = PBXFileReference; lastKnownFileType = sourcecode.swift; path = PageViewController.swift; sourceTree = "<group>"; };
		9FA381EE25064E9F0053C3F4 /* PageView.swift */ = {isa = PBXFileReference; lastKnownFileType = sourcecode.swift; path = PageView.swift; sourceTree = "<group>"; };
		9FC04665250655EF000B2AAC /* PageControl.swift */ = {isa = PBXFileReference; lastKnownFileType = sourcecode.swift; path = PageControl.swift; sourceTree = "<group>"; };
/* End PBXFileReference section */

/* Begin PBXFrameworksBuildPhase section */
		9FA381CB250629840053C3F4 /* Frameworks */ = {
			isa = PBXFrameworksBuildPhase;
			buildActionMask = 2147483647;
			files = (
			);
			runOnlyForDeploymentPostprocessing = 0;
		};
/* End PBXFrameworksBuildPhase section */

/* Begin PBXGroup section */
		9FA381C5250629840053C3F4 = {
			isa = PBXGroup;
			children = (
				9FA381D0250629840053C3F4 /* TakeSafe */,
				9FA381CF250629840053C3F4 /* Products */,
			);
			sourceTree = "<group>";
		};
		9FA381CF250629840053C3F4 /* Products */ = {
			isa = PBXGroup;
			children = (
				9FA381CE250629840053C3F4 /* TakeSafe.app */,
			);
			name = Products;
			sourceTree = "<group>";
		};
		9FA381D0250629840053C3F4 /* TakeSafe */ = {
			isa = PBXGroup;
			children = (
				9FA381E0250629FB0053C3F4 /* Views */,
				9FA381D1250629840053C3F4 /* TakeSafeApp.swift */,
				9FA381D5250629850053C3F4 /* Assets.xcassets */,
				9FA381DA250629850053C3F4 /* Info.plist */,
				9FA381D7250629850053C3F4 /* Preview Content */,
			);
			path = TakeSafe;
			sourceTree = "<group>";
		};
		9FA381D7250629850053C3F4 /* Preview Content */ = {
			isa = PBXGroup;
			children = (
				9FA381D8250629850053C3F4 /* Preview Assets.xcassets */,
			);
			path = "Preview Content";
			sourceTree = "<group>";
		};
		9FA381E0250629FB0053C3F4 /* Views */ = {
			isa = PBXGroup;
			children = (
				9FA381E325062CA50053C3F4 /* Onboarding */,
				9FA381D3250629840053C3F4 /* ContentView.swift */,
				9FA381E125062BAF0053C3F4 /* Launch Screen.storyboard */,
				9FA381EC25064E0B0053C3F4 /* PageViewController.swift */,
				9FA381EE25064E9F0053C3F4 /* PageView.swift */,
				9FC04665250655EF000B2AAC /* PageControl.swift */,
			);
			path = Views;
			sourceTree = "<group>";
		};
		9FA381E325062CA50053C3F4 /* Onboarding */ = {
			isa = PBXGroup;
			children = (
				9FA381E425062CB50053C3F4 /* OnboardingView.swift */,
				9FA381E625062CC70053C3F4 /* OnboardingScreen.swift */,
			);
			path = Onboarding;
			sourceTree = "<group>";
		};
/* End PBXGroup section */

/* Begin PBXNativeTarget section */
		9FA381CD250629840053C3F4 /* TakeSafe */ = {
			isa = PBXNativeTarget;
			buildConfigurationList = 9FA381DD250629850053C3F4 /* Build configuration list for PBXNativeTarget "TakeSafe" */;
			buildPhases = (
				9FA381CA250629840053C3F4 /* Sources */,
				9FA381CB250629840053C3F4 /* Frameworks */,
				9FA381CC250629840053C3F4 /* Resources */,
			);
			buildRules = (
			);
			dependencies = (
			);
			name = TakeSafe;
			productName = TakeSafe;
			productReference = 9FA381CE250629840053C3F4 /* TakeSafe.app */;
			productType = "com.apple.product-type.application";
		};
/* End PBXNativeTarget section */

/* Begin PBXProject section */
		9FA381C6250629840053C3F4 /* Project object */ = {
			isa = PBXProject;
			attributes = {
				LastSwiftUpdateCheck = 1200;
				LastUpgradeCheck = 1200;
				TargetAttributes = {
					9FA381CD250629840053C3F4 = {
						CreatedOnToolsVersion = 12.0;
					};
				};
			};
			buildConfigurationList = 9FA381C9250629840053C3F4 /* Build configuration list for PBXProject "TakeSafe" */;
			compatibilityVersion = "Xcode 9.3";
			developmentRegion = en;
			hasScannedForEncodings = 0;
			knownRegions = (
				en,
				Base,
				sv,
			);
			mainGroup = 9FA381C5250629840053C3F4;
			productRefGroup = 9FA381CF250629840053C3F4 /* Products */;
			projectDirPath = "";
			projectRoot = "";
			targets = (
				9FA381CD250629840053C3F4 /* TakeSafe */,
			);
		};
/* End PBXProject section */

/* Begin PBXResourcesBuildPhase section */
		9FA381CC250629840053C3F4 /* Resources */ = {
			isa = PBXResourcesBuildPhase;
			buildActionMask = 2147483647;
			files = (
				9FA381E225062BAF0053C3F4 /* Launch Screen.storyboard in Resources */,
				9FA381D9250629850053C3F4 /* Preview Assets.xcassets in Resources */,
				9FA381D6250629850053C3F4 /* Assets.xcassets in Resources */,
			);
			runOnlyForDeploymentPostprocessing = 0;
		};
/* End PBXResourcesBuildPhase section */

/* Begin PBXSourcesBuildPhase section */
		9FA381CA250629840053C3F4 /* Sources */ = {
			isa = PBXSourcesBuildPhase;
			buildActionMask = 2147483647;
			files = (
				9FA381E725062CC70053C3F4 /* OnboardingScreen.swift in Sources */,
				9FC04666250655EF000B2AAC /* PageControl.swift in Sources */,
				9FA381EF25064E9F0053C3F4 /* PageView.swift in Sources */,
				9FA381ED25064E0B0053C3F4 /* PageViewController.swift in Sources */,
				9FA381E525062CB50053C3F4 /* OnboardingView.swift in Sources */,
				9FA381D4250629840053C3F4 /* ContentView.swift in Sources */,
				9FA381D2250629840053C3F4 /* TakeSafeApp.swift in Sources */,
			);
			runOnlyForDeploymentPostprocessing = 0;
		};
/* End PBXSourcesBuildPhase section */

/* Begin XCBuildConfiguration section */
		9FA381DB250629850053C3F4 /* Debug */ = {
			isa = XCBuildConfiguration;
			buildSettings = {
				ALWAYS_SEARCH_USER_PATHS = NO;
				CLANG_ANALYZER_NONNULL = YES;
				CLANG_ANALYZER_NUMBER_OBJECT_CONVERSION = YES_AGGRESSIVE;
				CLANG_CXX_LANGUAGE_STANDARD = "gnu++14";
				CLANG_CXX_LIBRARY = "libc++";
				CLANG_ENABLE_MODULES = YES;
				CLANG_ENABLE_OBJC_ARC = YES;
				CLANG_ENABLE_OBJC_WEAK = YES;
				CLANG_WARN_BLOCK_CAPTURE_AUTORELEASING = YES;
				CLANG_WARN_BOOL_CONVERSION = YES;
				CLANG_WARN_COMMA = YES;
				CLANG_WARN_CONSTANT_CONVERSION = YES;
				CLANG_WARN_DEPRECATED_OBJC_IMPLEMENTATIONS = YES;
				CLANG_WARN_DIRECT_OBJC_ISA_USAGE = YES_ERROR;
				CLANG_WARN_DOCUMENTATION_COMMENTS = YES;
				CLANG_WARN_EMPTY_BODY = YES;
				CLANG_WARN_ENUM_CONVERSION = YES;
				CLANG_WARN_INFINITE_RECURSION = YES;
				CLANG_WARN_INT_CONVERSION = YES;
				CLANG_WARN_NON_LITERAL_NULL_CONVERSION = YES;
				CLANG_WARN_OBJC_IMPLICIT_RETAIN_SELF = YES;
				CLANG_WARN_OBJC_LITERAL_CONVERSION = YES;
				CLANG_WARN_OBJC_ROOT_CLASS = YES_ERROR;
				CLANG_WARN_QUOTED_INCLUDE_IN_FRAMEWORK_HEADER = YES;
				CLANG_WARN_RANGE_LOOP_ANALYSIS = YES;
				CLANG_WARN_STRICT_PROTOTYPES = YES;
				CLANG_WARN_SUSPICIOUS_MOVE = YES;
				CLANG_WARN_UNGUARDED_AVAILABILITY = YES_AGGRESSIVE;
				CLANG_WARN_UNREACHABLE_CODE = YES;
				CLANG_WARN__DUPLICATE_METHOD_MATCH = YES;
				COPY_PHASE_STRIP = NO;
				DEBUG_INFORMATION_FORMAT = dwarf;
				ENABLE_STRICT_OBJC_MSGSEND = YES;
				ENABLE_TESTABILITY = YES;
				GCC_C_LANGUAGE_STANDARD = gnu11;
				GCC_DYNAMIC_NO_PIC = NO;
				GCC_NO_COMMON_BLOCKS = YES;
				GCC_OPTIMIZATION_LEVEL = 0;
				GCC_PREPROCESSOR_DEFINITIONS = (
					"DEBUG=1",
					"$(inherited)",
				);
				GCC_WARN_64_TO_32_BIT_CONVERSION = YES;
				GCC_WARN_ABOUT_RETURN_TYPE = YES_ERROR;
				GCC_WARN_UNDECLARED_SELECTOR = YES;
				GCC_WARN_UNINITIALIZED_AUTOS = YES_AGGRESSIVE;
				GCC_WARN_UNUSED_FUNCTION = YES;
				GCC_WARN_UNUSED_VARIABLE = YES;
				IPHONEOS_DEPLOYMENT_TARGET = 14.0;
				MTL_ENABLE_DEBUG_INFO = INCLUDE_SOURCE;
				MTL_FAST_MATH = YES;
				ONLY_ACTIVE_ARCH = YES;
				SDKROOT = iphoneos;
				SWIFT_ACTIVE_COMPILATION_CONDITIONS = DEBUG;
				SWIFT_OPTIMIZATION_LEVEL = "-Onone";
			};
			name = Debug;
		};
		9FA381DC250629850053C3F4 /* Release */ = {
			isa = XCBuildConfiguration;
			buildSettings = {
				ALWAYS_SEARCH_USER_PATHS = NO;
				CLANG_ANALYZER_NONNULL = YES;
				CLANG_ANALYZER_NUMBER_OBJECT_CONVERSION = YES_AGGRESSIVE;
				CLANG_CXX_LANGUAGE_STANDARD = "gnu++14";
				CLANG_CXX_LIBRARY = "libc++";
				CLANG_ENABLE_MODULES = YES;
				CLANG_ENABLE_OBJC_ARC = YES;
				CLANG_ENABLE_OBJC_WEAK = YES;
				CLANG_WARN_BLOCK_CAPTURE_AUTORELEASING = YES;
				CLANG_WARN_BOOL_CONVERSION = YES;
				CLANG_WARN_COMMA = YES;
				CLANG_WARN_CONSTANT_CONVERSION = YES;
				CLANG_WARN_DEPRECATED_OBJC_IMPLEMENTATIONS = YES;
				CLANG_WARN_DIRECT_OBJC_ISA_USAGE = YES_ERROR;
				CLANG_WARN_DOCUMENTATION_COMMENTS = YES;
				CLANG_WARN_EMPTY_BODY = YES;
				CLANG_WARN_ENUM_CONVERSION = YES;
				CLANG_WARN_INFINITE_RECURSION = YES;
				CLANG_WARN_INT_CONVERSION = YES;
				CLANG_WARN_NON_LITERAL_NULL_CONVERSION = YES;
				CLANG_WARN_OBJC_IMPLICIT_RETAIN_SELF = YES;
				CLANG_WARN_OBJC_LITERAL_CONVERSION = YES;
				CLANG_WARN_OBJC_ROOT_CLASS = YES_ERROR;
				CLANG_WARN_QUOTED_INCLUDE_IN_FRAMEWORK_HEADER = YES;
				CLANG_WARN_RANGE_LOOP_ANALYSIS = YES;
				CLANG_WARN_STRICT_PROTOTYPES = YES;
				CLANG_WARN_SUSPICIOUS_MOVE = YES;
				CLANG_WARN_UNGUARDED_AVAILABILITY = YES_AGGRESSIVE;
				CLANG_WARN_UNREACHABLE_CODE = YES;
				CLANG_WARN__DUPLICATE_METHOD_MATCH = YES;
				COPY_PHASE_STRIP = NO;
				DEBUG_INFORMATION_FORMAT = "dwarf-with-dsym";
				ENABLE_NS_ASSERTIONS = NO;
				ENABLE_STRICT_OBJC_MSGSEND = YES;
				GCC_C_LANGUAGE_STANDARD = gnu11;
				GCC_NO_COMMON_BLOCKS = YES;
				GCC_WARN_64_TO_32_BIT_CONVERSION = YES;
				GCC_WARN_ABOUT_RETURN_TYPE = YES_ERROR;
				GCC_WARN_UNDECLARED_SELECTOR = YES;
				GCC_WARN_UNINITIALIZED_AUTOS = YES_AGGRESSIVE;
				GCC_WARN_UNUSED_FUNCTION = YES;
				GCC_WARN_UNUSED_VARIABLE = YES;
				IPHONEOS_DEPLOYMENT_TARGET = 14.0;
				MTL_ENABLE_DEBUG_INFO = NO;
				MTL_FAST_MATH = YES;
				SDKROOT = iphoneos;
				SWIFT_COMPILATION_MODE = wholemodule;
				SWIFT_OPTIMIZATION_LEVEL = "-O";
				VALIDATE_PRODUCT = YES;
			};
			name = Release;
		};
		9FA381DE250629850053C3F4 /* Debug */ = {
			isa = XCBuildConfiguration;
			buildSettings = {
				ASSETCATALOG_COMPILER_APPICON_NAME = AppIcon;
				ASSETCATALOG_COMPILER_GLOBAL_ACCENT_COLOR_NAME = AccentColor;
				CODE_SIGN_STYLE = Automatic;
				DEVELOPMENT_ASSET_PATHS = "\"TakeSafe/Preview Content\"";
				ENABLE_PREVIEWS = YES;
				INFOPLIST_FILE = TakeSafe/Info.plist;
				IPHONEOS_DEPLOYMENT_TARGET = 14.0;
				LD_RUNPATH_SEARCH_PATHS = (
					"$(inherited)",
					"@executable_path/Frameworks",
				);
				PRODUCT_BUNDLE_IDENTIFIER = com.phoqe.TakeSafe;
				PRODUCT_NAME = "$(TARGET_NAME)";
				SWIFT_VERSION = 5.0;
				TARGETED_DEVICE_FAMILY = 1;
			};
			name = Debug;
		};
		9FA381DF250629850053C3F4 /* Release */ = {
			isa = XCBuildConfiguration;
			buildSettings = {
				ASSETCATALOG_COMPILER_APPICON_NAME = AppIcon;
				ASSETCATALOG_COMPILER_GLOBAL_ACCENT_COLOR_NAME = AccentColor;
				CODE_SIGN_STYLE = Automatic;
				DEVELOPMENT_ASSET_PATHS = "\"TakeSafe/Preview Content\"";
				ENABLE_PREVIEWS = YES;
				INFOPLIST_FILE = TakeSafe/Info.plist;
				IPHONEOS_DEPLOYMENT_TARGET = 14.0;
				LD_RUNPATH_SEARCH_PATHS = (
					"$(inherited)",
					"@executable_path/Frameworks",
				);
				PRODUCT_BUNDLE_IDENTIFIER = com.phoqe.TakeSafe;
				PRODUCT_NAME = "$(TARGET_NAME)";
				SWIFT_VERSION = 5.0;
				TARGETED_DEVICE_FAMILY = 1;
			};
			name = Release;
		};
/* End XCBuildConfiguration section */

/* Begin XCConfigurationList section */
		9FA381C9250629840053C3F4 /* Build configuration list for PBXProject "TakeSafe" */ = {
			isa = XCConfigurationList;
			buildConfigurations = (
				9FA381DB250629850053C3F4 /* Debug */,
				9FA381DC250629850053C3F4 /* Release */,
			);
			defaultConfigurationIsVisible = 0;
			defaultConfigurationName = Release;
		};
		9FA381DD250629850053C3F4 /* Build configuration list for PBXNativeTarget "TakeSafe" */ = {
			isa = XCConfigurationList;
			buildConfigurations = (
				9FA381DE250629850053C3F4 /* Debug */,
				9FA381DF250629850053C3F4 /* Release */,
			);
			defaultConfigurationIsVisible = 0;
			defaultConfigurationName = Release;
		};
/* End XCConfigurationList section */
	};
	rootObject = 9FA381C6250629840053C3F4 /* Project object */;
}
